
Microsoft Visual Studio Solution File, Format Version 12.00
# Visual Studio Version 16
VisualStudioVersion = 16.0.31911.196
MinimumVisualStudioVersion = 10.0.40219.1
Project("{FAE04EC0-301F-11D3-BF4B-00C04F79EFBC}") = "WebPhongKhamNhi", "WebPhongKhamNhi\WebPhongKhamNhi.csproj", "{DF2A3BAA-A624-4CF3-9DE5-D04D3D8C3C31}"
EndProject
Global
	GlobalSection(SolutionConfigurationPlatforms) = preSolution
		Debug|Any CPU = Debug|Any CPU
		Release|Any CPU = Release|Any CPU
	EndGlobalSection
	GlobalSection(ProjectConfigurationPlatforms) = postSolution
		{DF2A3BAA-A624-4CF3-9DE5-D04D3D8C3C31}.Debug|Any CPU.ActiveCfg = Debug|Any CPU
		{DF2A3BAA-A624-4CF3-9DE5-D04D3D8C3C31}.Debug|Any CPU.Build.0 = Debug|Any CPU
		{DF2A3BAA-A624-4CF3-9DE5-D04D3D8C3C31}.Release|Any CPU.ActiveCfg = Release|Any CPU
		{DF2A3BAA-A624-4CF3-9DE5-D04D3D8C3C31}.Release|Any CPU.Build.0 = Release|Any CPU
	EndGlobalSection
	GlobalSection(SolutionProperties) = preSolution
		HideSolutionNode = FALSE
	EndGlobalSection
	GlobalSection(ExtensibilityGlobals) = postSolution
		SolutionGuid = {31A96B79-2CE1-4B96-AE35-93E043C7D21B}
	EndGlobalSection
EndGlobal
